// !$*UTF8*$!
{
	archiveVersion = 1;
	classes = {
	};
	objectVersion = 48;
	objects = {

/* Begin PBXBuildFile section */
		5E1945A31F559E750069AC3B /* QRCodesTracker.swift in Sources */ = {isa = PBXBuildFile; fileRef = 5E1945A21F559E750069AC3B /* QRCodesTracker.swift */; };
		5E8F67241F56C941000CFE3A /* Utilities.swift in Sources */ = {isa = PBXBuildFile; fileRef = 5E8F67231F56C941000CFE3A /* Utilities.swift */; };
		5EF702291F545BC600E13E50 /* AppDelegate.swift in Sources */ = {isa = PBXBuildFile; fileRef = 5EF702281F545BC600E13E50 /* AppDelegate.swift */; };
		5EF7022B1F545BC600E13E50 /* art.scnassets in Resources */ = {isa = PBXBuildFile; fileRef = 5EF7022A1F545BC600E13E50 /* art.scnassets */; };
		5EF7022D1F545BC600E13E50 /* ViewController.swift in Sources */ = {isa = PBXBuildFile; fileRef = 5EF7022C1F545BC600E13E50 /* ViewController.swift */; };
		5EF702301F545BC600E13E50 /* Main.storyboard in Resources */ = {isa = PBXBuildFile; fileRef = 5EF7022E1F545BC600E13E50 /* Main.storyboard */; };
		5EF702321F545BC600E13E50 /* Assets.xcassets in Resources */ = {isa = PBXBuildFile; fileRef = 5EF702311F545BC600E13E50 /* Assets.xcassets */; };
		5EF702351F545BC600E13E50 /* LaunchScreen.storyboard in Resources */ = {isa = PBXBuildFile; fileRef = 5EF702331F545BC600E13E50 /* LaunchScreen.storyboard */; };
/* End PBXBuildFile section */

/* Begin PBXFileReference section */
		5E1945A21F559E750069AC3B /* QRCodesTracker.swift */ = {isa = PBXFileReference; lastKnownFileType = sourcecode.swift; path = QRCodesTracker.swift; sourceTree = "<group>"; };
		5E1945A41F5661320069AC3B /* README.md */ = {isa = PBXFileReference; lastKnownFileType = net.daringfireball.markdown; path = README.md; sourceTree = "<group>"; };
		5E8F67231F56C941000CFE3A /* Utilities.swift */ = {isa = PBXFileReference; lastKnownFileType = sourcecode.swift; path = Utilities.swift; sourceTree = "<group>"; };
		5EF702251F545BC600E13E50 /* ARCMS.app */ = {isa = PBXFileReference; explicitFileType = wrapper.application; includeInIndex = 0; path = ARCMS.app; sourceTree = BUILT_PRODUCTS_DIR; };
		5EF702281F545BC600E13E50 /* AppDelegate.swift */ = {isa = PBXFileReference; lastKnownFileType = sourcecode.swift; path = AppDelegate.swift; sourceTree = "<group>"; };
		5EF7022A1F545BC600E13E50 /* art.scnassets */ = {isa = PBXFileReference; lastKnownFileType = wrapper.scnassets; path = art.scnassets; sourceTree = "<group>"; };
		5EF7022C1F545BC600E13E50 /* ViewController.swift */ = {isa = PBXFileReference; lastKnownFileType = sourcecode.swift; path = ViewController.swift; sourceTree = "<group>"; };
		5EF7022F1F545BC600E13E50 /* Base */ = {isa = PBXFileReference; lastKnownFileType = file.storyboard; name = Base; path = Base.lproj/Main.storyboard; sourceTree = "<group>"; };
		5EF702311F545BC600E13E50 /* Assets.xcassets */ = {isa = PBXFileReference; lastKnownFileType = folder.assetcatalog; path = Assets.xcassets; sourceTree = "<group>"; };
		5EF702341F545BC600E13E50 /* Base */ = {isa = PBXFileReference; lastKnownFileType = file.storyboard; name = Base; path = Base.lproj/LaunchScreen.storyboard; sourceTree = "<group>"; };
		5EF702361F545BC600E13E50 /* Info.plist */ = {isa = PBXFileReference; lastKnownFileType = text.plist.xml; path = Info.plist; sourceTree = "<group>"; };
/* End PBXFileReference section */

/* Begin PBXFrameworksBuildPhase section */
		5EF702221F545BC600E13E50 /* Frameworks */ = {
			isa = PBXFrameworksBuildPhase;
			buildActionMask = 2147483647;
			files = (
			);
			runOnlyForDeploymentPostprocessing = 0;
		};
/* End PBXFrameworksBuildPhase section */

/* Begin PBXGroup section */
		5EF7021C1F545BC600E13E50 = {
			isa = PBXGroup;
			children = (
				5E1945A41F5661320069AC3B /* README.md */,
				5EF702271F545BC600E13E50 /* ARCMS */,
				5EF702261F545BC600E13E50 /* Products */,
			);
			sourceTree = "<group>";
		};
		5EF702261F545BC600E13E50 /* Products */ = {
			isa = PBXGroup;
			children = (
				5EF702251F545BC600E13E50 /* ARCMS.app */,
			);
			name = Products;
			sourceTree = "<group>";
		};
		5EF702271F545BC600E13E50 /* ARCMS */ = {
			isa = PBXGroup;
			children = (
				5EF702281F545BC600E13E50 /* AppDelegate.swift */,
				5EF7022A1F545BC600E13E50 /* art.scnassets */,
				5EF7022C1F545BC600E13E50 /* ViewController.swift */,
				5E1945A21F559E750069AC3B /* QRCodesTracker.swift */,
				5E8F67231F56C941000CFE3A /* Utilities.swift */,
				5EF7022E1F545BC600E13E50 /* Main.storyboard */,
				5EF702311F545BC600E13E50 /* Assets.xcassets */,
				5EF702331F545BC600E13E50 /* LaunchScreen.storyboard */,
				5EF702361F545BC600E13E50 /* Info.plist */,
			);
			path = ARCMS;
			sourceTree = "<group>";
		};
/* End PBXGroup section */

/* Begin PBXNativeTarget section */
		5EF702241F545BC600E13E50 /* ARCMS */ = {
			isa = PBXNativeTarget;
			buildConfigurationList = 5EF702391F545BC600E13E50 /* Build configuration list for PBXNativeTarget "ARCMS" */;
			buildPhases = (
				5EF702211F545BC600E13E50 /* Sources */,
				5EF702221F545BC600E13E50 /* Frameworks */,
				5EF702231F545BC600E13E50 /* Resources */,
			);
			buildRules = (
			);
			dependencies = (
			);
			name = ARCMS;
			productName = ARCMS;
			productReference = 5EF702251F545BC600E13E50 /* ARCMS.app */;
			productType = "com.apple.product-type.application";
		};
/* End PBXNativeTarget section */

/* Begin PBXProject section */
		5EF7021D1F545BC600E13E50 /* Project object */ = {
			isa = PBXProject;
			attributes = {
				LastSwiftUpdateCheck = 0900;
				LastUpgradeCheck = 0900;
				ORGANIZATIONNAME = "Oursky Limited";
				TargetAttributes = {
					5EF702241F545BC600E13E50 = {
						CreatedOnToolsVersion = 9.0;
						ProvisioningStyle = Automatic;
					};
				};
			};
			buildConfigurationList = 5EF702201F545BC600E13E50 /* Build configuration list for PBXProject "ARCMS" */;
			compatibilityVersion = "Xcode 8.0";
			developmentRegion = en;
			hasScannedForEncodings = 0;
			knownRegions = (
				en,
				Base,
			);
			mainGroup = 5EF7021C1F545BC600E13E50;
			productRefGroup = 5EF702261F545BC600E13E50 /* Products */;
			projectDirPath = "";
			projectRoot = "";
			targets = (
				5EF702241F545BC600E13E50 /* ARCMS */,
			);
		};
/* End PBXProject section */

/* Begin PBXResourcesBuildPhase section */
		5EF702231F545BC600E13E50 /* Resources */ = {
			isa = PBXResourcesBuildPhase;
			buildActionMask = 2147483647;
			files = (
				5EF7022B1F545BC600E13E50 /* art.scnassets in Resources */,
				5EF702351F545BC600E13E50 /* LaunchScreen.storyboard in Resources */,
				5EF702321F545BC600E13E50 /* Assets.xcassets in Resources */,
				5EF702301F545BC600E13E50 /* Main.storyboard in Resources */,
			);
			runOnlyForDeploymentPostprocessing = 0;
		};
/* End PBXResourcesBuildPhase section */

/* Begin PBXSourcesBuildPhase section */
		5EF702211F545BC600E13E50 /* Sources */ = {
			isa = PBXSourcesBuildPhase;
			buildActionMask = 2147483647;
			files = (
				5EF7022D1F545BC600E13E50 /* ViewController.swift in Sources */,
				5EF702291F545BC600E13E50 /* AppDelegate.swift in Sources */,
				5E8F67241F56C941000CFE3A /* Utilities.swift in Sources */,
				5E1945A31F559E750069AC3B /* QRCodesTracker.swift in Sources */,
			);
			runOnlyForDeploymentPostprocessing = 0;
		};
/* End PBXSourcesBuildPhase section */

/* Begin PBXVariantGroup section */
		5EF7022E1F545BC600E13E50 /* Main.storyboard */ = {
			isa = PBXVariantGroup;
			children = (
				5EF7022F1F545BC600E13E50 /* Base */,
			);
			name = Main.storyboard;
			sourceTree = "<group>";
		};
		5EF702331F545BC600E13E50 /* LaunchScreen.storyboard */ = {
			isa = PBXVariantGroup;
			children = (
				5EF702341F545BC600E13E50 /* Base */,
			);
			name = LaunchScreen.storyboard;
			sourceTree = "<group>";
		};
/* End PBXVariantGroup section */

/* Begin XCBuildConfiguration section */
		5EF702371F545BC600E13E50 /* Debug */ = {
			isa = XCBuildConfiguration;
			buildSettings = {
				ALWAYS_SEARCH_USER_PATHS = NO;
				CLANG_ANALYZER_NONNULL = YES;
				CLANG_ANALYZER_NUMBER_OBJECT_CONVERSION = YES_AGGRESSIVE;
				CLANG_CXX_LANGUAGE_STANDARD = "gnu++14";
				CLANG_CXX_LIBRARY = "libc++";
				CLANG_ENABLE_MODULES = YES;
				CLANG_ENABLE_OBJC_ARC = YES;
				CLANG_WARN_BLOCK_CAPTURE_AUTORELEASING = YES;
				CLANG_WARN_BOOL_CONVERSION = YES;
				CLANG_WARN_COMMA = YES;
				CLANG_WARN_CONSTANT_CONVERSION = YES;
				CLANG_WARN_DIRECT_OBJC_ISA_USAGE = YES_ERROR;
				CLANG_WARN_DOCUMENTATION_COMMENTS = YES;
				CLANG_WARN_EMPTY_BODY = YES;
				CLANG_WARN_ENUM_CONVERSION = YES;
				CLANG_WARN_INFINITE_RECURSION = YES;
				CLANG_WARN_INT_CONVERSION = YES;
				CLANG_WARN_NON_LITERAL_NULL_CONVERSION = YES;
				CLANG_WARN_OBJC_LITERAL_CONVERSION = YES;
				CLANG_WARN_OBJC_ROOT_CLASS = YES_ERROR;
				CLANG_WARN_RANGE_LOOP_ANALYSIS = YES;
				CLANG_WARN_STRICT_PROTOTYPES = YES;
				CLANG_WARN_SUSPICIOUS_MOVE = YES;
				CLANG_WARN_UNGUARDED_AVAILABILITY = YES_AGGRESSIVE;
				CLANG_WARN_UNREACHABLE_CODE = YES;
				CLANG_WARN__DUPLICATE_METHOD_MATCH = YES;
				CODE_SIGN_IDENTITY = "iPhone Developer";
				COPY_PHASE_STRIP = NO;
				DEBUG_INFORMATION_FORMAT = dwarf;
				ENABLE_STRICT_OBJC_MSGSEND = YES;
				ENABLE_TESTABILITY = YES;
				GCC_C_LANGUAGE_STANDARD = gnu11;
				GCC_DYNAMIC_NO_PIC = NO;
				GCC_NO_COMMON_BLOCKS = YES;
				GCC_OPTIMIZATION_LEVEL = 0;
				GCC_PREPROCESSOR_DEFINITIONS = (
					"DEBUG=1",
					"$(inherited)",
				);
				GCC_WARN_64_TO_32_BIT_CONVERSION = YES;
				GCC_WARN_ABOUT_RETURN_TYPE = YES_ERROR;
				GCC_WARN_UNDECLARED_SELECTOR = YES;
				GCC_WARN_UNINITIALIZED_AUTOS = YES_AGGRESSIVE;
				GCC_WARN_UNUSED_FUNCTION = YES;
				GCC_WARN_UNUSED_VARIABLE = YES;
				IPHONEOS_DEPLOYMENT_TARGET = 11.0;
				MTL_ENABLE_DEBUG_INFO = YES;
				ONLY_ACTIVE_ARCH = YES;
				SDKROOT = iphoneos;
				SWIFT_ACTIVE_COMPILATION_CONDITIONS = DEBUG;
				SWIFT_OPTIMIZATION_LEVEL = "-Onone";
			};
			name = Debug;
		};
		5EF702381F545BC600E13E50 /* Release */ = {
			isa = XCBuildConfiguration;
			buildSettings = {
				ALWAYS_SEARCH_USER_PATHS = NO;
				CLANG_ANALYZER_NONNULL = YES;
				CLANG_ANALYZER_NUMBER_OBJECT_CONVERSION = YES_AGGRESSIVE;
				CLANG_CXX_LANGUAGE_STANDARD = "gnu++14";
				CLANG_CXX_LIBRARY = "libc++";
				CLANG_ENABLE_MODULES = YES;
				CLANG_ENABLE_OBJC_ARC = YES;
				CLANG_WARN_BLOCK_CAPTURE_AUTORELEASING = YES;
				CLANG_WARN_BOOL_CONVERSION = YES;
				CLANG_WARN_COMMA = YES;
				CLANG_WARN_CONSTANT_CONVERSION = YES;
				CLANG_WARN_DIRECT_OBJC_ISA_USAGE = YES_ERROR;
				CLANG_WARN_DOCUMENTATION_COMMENTS = YES;
				CLANG_WARN_EMPTY_BODY = YES;
				CLANG_WARN_ENUM_CONVERSION = YES;
				CLANG_WARN_INFINITE_RECURSION = YES;
				CLANG_WARN_INT_CONVERSION = YES;
				CLANG_WARN_NON_LITERAL_NULL_CONVERSION = YES;
				CLANG_WARN_OBJC_LITERAL_CONVERSION = YES;
				CLANG_WARN_OBJC_ROOT_CLASS = YES_ERROR;
				CLANG_WARN_RANGE_LOOP_ANALYSIS = YES;
				CLANG_WARN_STRICT_PROTOTYPES = YES;
				CLANG_WARN_SUSPICIOUS_MOVE = YES;
				CLANG_WARN_UNGUARDED_AVAILABILITY = YES_AGGRESSIVE;
				CLANG_WARN_UNREACHABLE_CODE = YES;
				CLANG_WARN__DUPLICATE_METHOD_MATCH = YES;
				CODE_SIGN_IDENTITY = "iPhone Developer";
				COPY_PHASE_STRIP = NO;
				DEBUG_INFORMATION_FORMAT = "dwarf-with-dsym";
				ENABLE_NS_ASSERTIONS = NO;
				ENABLE_STRICT_OBJC_MSGSEND = YES;
				GCC_C_LANGUAGE_STANDARD = gnu11;
				GCC_NO_COMMON_BLOCKS = YES;
				GCC_WARN_64_TO_32_BIT_CONVERSION = YES;
				GCC_WARN_ABOUT_RETURN_TYPE = YES_ERROR;
				GCC_WARN_UNDECLARED_SELECTOR = YES;
				GCC_WARN_UNINITIALIZED_AUTOS = YES_AGGRESSIVE;
				GCC_WARN_UNUSED_FUNCTION = YES;
				GCC_WARN_UNUSED_VARIABLE = YES;
				IPHONEOS_DEPLOYMENT_TARGET = 11.0;
				MTL_ENABLE_DEBUG_INFO = NO;
				SDKROOT = iphoneos;
				SWIFT_OPTIMIZATION_LEVEL = "-Owholemodule";
				VALIDATE_PRODUCT = YES;
			};
			name = Release;
		};
		5EF7023A1F545BC600E13E50 /* Debug */ = {
			isa = XCBuildConfiguration;
			buildSettings = {
				ASSETCATALOG_COMPILER_APPICON_NAME = AppIcon;
				CODE_SIGN_STYLE = Automatic;
				DEVELOPMENT_TEAM = M7HB6C3N6X;
				INFOPLIST_FILE = ARCMS/Info.plist;
				LD_RUNPATH_SEARCH_PATHS = "$(inherited) @executable_path/Frameworks";
				PRODUCT_BUNDLE_IDENTIFIER = com.oursky.ARCMS;
				PRODUCT_NAME = "$(TARGET_NAME)";
				SWIFT_VERSION = 4.0;
				TARGETED_DEVICE_FAMILY = "1,2";
			};
			name = Debug;
		};
		5EF7023B1F545BC600E13E50 /* Release */ = {
			isa = XCBuildConfiguration;
			buildSettings = {
				ASSETCATALOG_COMPILER_APPICON_NAME = AppIcon;
				CODE_SIGN_STYLE = Automatic;
				DEVELOPMENT_TEAM = M7HB6C3N6X;
				INFOPLIST_FILE = ARCMS/Info.plist;
				LD_RUNPATH_SEARCH_PATHS = "$(inherited) @executable_path/Frameworks";
				PRODUCT_BUNDLE_IDENTIFIER = com.oursky.ARCMS;
				PRODUCT_NAME = "$(TARGET_NAME)";
				SWIFT_VERSION = 4.0;
				TARGETED_DEVICE_FAMILY = "1,2";
			};
			name = Release;
		};
/* End XCBuildConfiguration section */

/* Begin XCConfigurationList section */
		5EF702201F545BC600E13E50 /* Build configuration list for PBXProject "ARCMS" */ = {
			isa = XCConfigurationList;
			buildConfigurations = (
				5EF702371F545BC600E13E50 /* Debug */,
				5EF702381F545BC600E13E50 /* Release */,
			);
			defaultConfigurationIsVisible = 0;
			defaultConfigurationName = Release;
		};
		5EF702391F545BC600E13E50 /* Build configuration list for PBXNativeTarget "ARCMS" */ = {
			isa = XCConfigurationList;
			buildConfigurations = (
				5EF7023A1F545BC600E13E50 /* Debug */,
				5EF7023B1F545BC600E13E50 /* Release */,
			);
			defaultConfigurationIsVisible = 0;
			defaultConfigurationName = Release;
		};
/* End XCConfigurationList section */
	};
	rootObject = 5EF7021D1F545BC600E13E50 /* Project object */;
}
