// !$*UTF8*$!
{
	archiveVersion = 1;
	classes = {
	};
	objectVersion = 48;
	objects = {

/* Begin PBXBuildFile section */
		5A09324D7D7458C6B63D275F /* Pods_ARCMS.framework in Frameworks */ = {isa = PBXBuildFile; fileRef = CA5F200A95DA596BF2262BF0 /* Pods_ARCMS.framework */; };
		5E1945A31F559E750069AC3B /* QRCodesTracker.swift in Sources */ = {isa = PBXBuildFile; fileRef = 5E1945A21F559E750069AC3B /* QRCodesTracker.swift */; };
		5E332EA71F6281990074BFEF /* ModelsManager.swift in Sources */ = {isa = PBXBuildFile; fileRef = 5E332EA61F6281990074BFEF /* ModelsManager.swift */; };
		5E995EA91F599C4B00AA92DD /* QRCode.swift in Sources */ = {isa = PBXBuildFile; fileRef = 5E995EA81F599C4B00AA92DD /* QRCode.swift */; };
		5EF702291F545BC600E13E50 /* AppDelegate.swift in Sources */ = {isa = PBXBuildFile; fileRef = 5EF702281F545BC600E13E50 /* AppDelegate.swift */; };
		5EF7022B1F545BC600E13E50 /* art.scnassets in Resources */ = {isa = PBXBuildFile; fileRef = 5EF7022A1F545BC600E13E50 /* art.scnassets */; };
		5EF7022D1F545BC600E13E50 /* ViewController.swift in Sources */ = {isa = PBXBuildFile; fileRef = 5EF7022C1F545BC600E13E50 /* ViewController.swift */; };
		5EF702301F545BC600E13E50 /* Main.storyboard in Resources */ = {isa = PBXBuildFile; fileRef = 5EF7022E1F545BC600E13E50 /* Main.storyboard */; };
		5EF702321F545BC600E13E50 /* Assets.xcassets in Resources */ = {isa = PBXBuildFile; fileRef = 5EF702311F545BC600E13E50 /* Assets.xcassets */; };
		5EF702351F545BC600E13E50 /* LaunchScreen.storyboard in Resources */ = {isa = PBXBuildFile; fileRef = 5EF702331F545BC600E13E50 /* LaunchScreen.storyboard */; };
/* End PBXBuildFile section */

/* Begin PBXFileReference section */
		5E1945A21F559E750069AC3B /* QRCodesTracker.swift */ = {isa = PBXFileReference; lastKnownFileType = sourcecode.swift; path = QRCodesTracker.swift; sourceTree = "<group>"; };
		5E1945A41F5661320069AC3B /* README.md */ = {isa = PBXFileReference; lastKnownFileType = net.daringfireball.markdown; path = README.md; sourceTree = "<group>"; };
		5E332EA61F6281990074BFEF /* ModelsManager.swift */ = {isa = PBXFileReference; lastKnownFileType = sourcecode.swift; path = ModelsManager.swift; sourceTree = "<group>"; };
		5E995EA81F599C4B00AA92DD /* QRCode.swift */ = {isa = PBXFileReference; lastKnownFileType = sourcecode.swift; path = QRCode.swift; sourceTree = "<group>"; };
		5EF702251F545BC600E13E50 /* ARCMS.app */ = {isa = PBXFileReference; explicitFileType = wrapper.application; includeInIndex = 0; path = ARCMS.app; sourceTree = BUILT_PRODUCTS_DIR; };
		5EF702281F545BC600E13E50 /* AppDelegate.swift */ = {isa = PBXFileReference; lastKnownFileType = sourcecode.swift; path = AppDelegate.swift; sourceTree = "<group>"; };
		5EF7022A1F545BC600E13E50 /* art.scnassets */ = {isa = PBXFileReference; lastKnownFileType = wrapper.scnassets; path = art.scnassets; sourceTree = "<group>"; };
		5EF7022C1F545BC600E13E50 /* ViewController.swift */ = {isa = PBXFileReference; lastKnownFileType = sourcecode.swift; path = ViewController.swift; sourceTree = "<group>"; };
		5EF7022F1F545BC600E13E50 /* Base */ = {isa = PBXFileReference; lastKnownFileType = file.storyboard; name = Base; path = Base.lproj/Main.storyboard; sourceTree = "<group>"; };
		5EF702311F545BC600E13E50 /* Assets.xcassets */ = {isa = PBXFileReference; lastKnownFileType = folder.assetcatalog; path = Assets.xcassets; sourceTree = "<group>"; };
		5EF702341F545BC600E13E50 /* Base */ = {isa = PBXFileReference; lastKnownFileType = file.storyboard; name = Base; path = Base.lproj/LaunchScreen.storyboard; sourceTree = "<group>"; };
		5EF702361F545BC600E13E50 /* Info.plist */ = {isa = PBXFileReference; lastKnownFileType = text.plist.xml; path = Info.plist; sourceTree = "<group>"; };
		6EC038F6EF20D07E24EF4BF6 /* Pods-ARCMS.debug.xcconfig */ = {isa = PBXFileReference; includeInIndex = 1; lastKnownFileType = text.xcconfig; name = "Pods-ARCMS.debug.xcconfig"; path = "Pods/Target Support Files/Pods-ARCMS/Pods-ARCMS.debug.xcconfig"; sourceTree = "<group>"; };
		CA5F200A95DA596BF2262BF0 /* Pods_ARCMS.framework */ = {isa = PBXFileReference; explicitFileType = wrapper.framework; includeInIndex = 0; path = Pods_ARCMS.framework; sourceTree = BUILT_PRODUCTS_DIR; };
		E83F98DF898AF27D396AD865 /* Pods-ARCMS.release.xcconfig */ = {isa = PBXFileReference; includeInIndex = 1; lastKnownFileType = text.xcconfig; name = "Pods-ARCMS.release.xcconfig"; path = "Pods/Target Support Files/Pods-ARCMS/Pods-ARCMS.release.xcconfig"; sourceTree = "<group>"; };
/* End PBXFileReference section */

/* Begin PBXFrameworksBuildPhase section */
		5EF702221F545BC600E13E50 /* Frameworks */ = {
			isa = PBXFrameworksBuildPhase;
			buildActionMask = 2147483647;
			files = (
				5A09324D7D7458C6B63D275F /* Pods_ARCMS.framework in Frameworks */,
			);
			runOnlyForDeploymentPostprocessing = 0;
		};
/* End PBXFrameworksBuildPhase section */

/* Begin PBXGroup section */
		52C015F5E178CDF71A448F5F /* Pods */ = {
			isa = PBXGroup;
			children = (
				6EC038F6EF20D07E24EF4BF6 /* Pods-ARCMS.debug.xcconfig */,
				E83F98DF898AF27D396AD865 /* Pods-ARCMS.release.xcconfig */,
			);
			name = Pods;
			sourceTree = "<group>";
		};
		5EF7021C1F545BC600E13E50 = {
			isa = PBXGroup;
			children = (
				5E1945A41F5661320069AC3B /* README.md */,
				5EF702271F545BC600E13E50 /* ARCMS */,
				5EF702261F545BC600E13E50 /* Products */,
				52C015F5E178CDF71A448F5F /* Pods */,
				7983460AD5F482952E83B931 /* Frameworks */,
			);
			sourceTree = "<group>";
		};
		5EF702261F545BC600E13E50 /* Products */ = {
			isa = PBXGroup;
			children = (
				5EF702251F545BC600E13E50 /* ARCMS.app */,
			);
			name = Products;
			sourceTree = "<group>";
		};
		5EF702271F545BC600E13E50 /* ARCMS */ = {
			isa = PBXGroup;
			children = (
				5EF702281F545BC600E13E50 /* AppDelegate.swift */,
				5EF7022C1F545BC600E13E50 /* ViewController.swift */,
				5E1945A21F559E750069AC3B /* QRCodesTracker.swift */,
				5E995EA81F599C4B00AA92DD /* QRCode.swift */,
				5E332EA61F6281990074BFEF /* ModelsManager.swift */,
				5EF702311F545BC600E13E50 /* Assets.xcassets */,
				5EF7022A1F545BC600E13E50 /* art.scnassets */,
				5EF702331F545BC600E13E50 /* LaunchScreen.storyboard */,
				5EF7022E1F545BC600E13E50 /* Main.storyboard */,
				5EF702361F545BC600E13E50 /* Info.plist */,
			);
			path = ARCMS;
			sourceTree = "<group>";
		};
		7983460AD5F482952E83B931 /* Frameworks */ = {
			isa = PBXGroup;
			children = (
				CA5F200A95DA596BF2262BF0 /* Pods_ARCMS.framework */,
			);
			name = Frameworks;
			sourceTree = "<group>";
		};
/* End PBXGroup section */

/* Begin PBXNativeTarget section */
		5EF702241F545BC600E13E50 /* ARCMS */ = {
			isa = PBXNativeTarget;
			buildConfigurationList = 5EF702391F545BC600E13E50 /* Build configuration list for PBXNativeTarget "ARCMS" */;
			buildPhases = (
				F360C088D41BFDF72E67B1D3 /* [CP] Check Pods Manifest.lock */,
				5EF702211F545BC600E13E50 /* Sources */,
				5EF702221F545BC600E13E50 /* Frameworks */,
				5EF702231F545BC600E13E50 /* Resources */,
				785C32BF85B7F1C9EC9CA467 /* [CP] Embed Pods Frameworks */,
				115D5C038C914DC30911516A /* [CP] Copy Pods Resources */,
			);
			buildRules = (
			);
			dependencies = (
			);
			name = ARCMS;
			productName = ARCMS;
			productReference = 5EF702251F545BC600E13E50 /* ARCMS.app */;
			productType = "com.apple.product-type.application";
		};
/* End PBXNativeTarget section */

/* Begin PBXProject section */
		5EF7021D1F545BC600E13E50 /* Project object */ = {
			isa = PBXProject;
			attributes = {
				LastSwiftUpdateCheck = 0900;
				LastUpgradeCheck = 0900;
				ORGANIZATIONNAME = "Oursky Limited";
				TargetAttributes = {
					5EF702241F545BC600E13E50 = {
						CreatedOnToolsVersion = 9.0;
						ProvisioningStyle = Automatic;
					};
				};
			};
			buildConfigurationList = 5EF702201F545BC600E13E50 /* Build configuration list for PBXProject "ARCMS" */;
			compatibilityVersion = "Xcode 8.0";
			developmentRegion = en;
			hasScannedForEncodings = 0;
			knownRegions = (
				en,
				Base,
			);
			mainGroup = 5EF7021C1F545BC600E13E50;
			productRefGroup = 5EF702261F545BC600E13E50 /* Products */;
			projectDirPath = "";
			projectRoot = "";
			targets = (
				5EF702241F545BC600E13E50 /* ARCMS */,
			);
		};
/* End PBXProject section */

/* Begin PBXResourcesBuildPhase section */
		5EF702231F545BC600E13E50 /* Resources */ = {
			isa = PBXResourcesBuildPhase;
			buildActionMask = 2147483647;
			files = (
				5EF7022B1F545BC600E13E50 /* art.scnassets in Resources */,
				5EF702351F545BC600E13E50 /* LaunchScreen.storyboard in Resources */,
				5EF702321F545BC600E13E50 /* Assets.xcassets in Resources */,
				5EF702301F545BC600E13E50 /* Main.storyboard in Resources */,
			);
			runOnlyForDeploymentPostprocessing = 0;
		};
/* End PBXResourcesBuildPhase section */

/* Begin PBXShellScriptBuildPhase section */
		115D5C038C914DC30911516A /* [CP] Copy Pods Resources */ = {
			isa = PBXShellScriptBuildPhase;
			buildActionMask = 2147483647;
			files = (
			);
			inputPaths = (
			);
			name = "[CP] Copy Pods Resources";
			outputPaths = (
			);
			runOnlyForDeploymentPostprocessing = 0;
			shellPath = /bin/sh;
			shellScript = "\"${SRCROOT}/Pods/Target Support Files/Pods-ARCMS/Pods-ARCMS-resources.sh\"\n";
			showEnvVarsInLog = 0;
		};
		785C32BF85B7F1C9EC9CA467 /* [CP] Embed Pods Frameworks */ = {
			isa = PBXShellScriptBuildPhase;
			buildActionMask = 2147483647;
			files = (
			);
			inputPaths = (
				"${SRCROOT}/Pods/Target Support Files/Pods-ARCMS/Pods-ARCMS-frameworks.sh",
				"${BUILT_PRODUCTS_DIR}/FMDB/FMDB.framework",
				"${BUILT_PRODUCTS_DIR}/PromiseKit/PromiseKit.framework",
				"${BUILT_PRODUCTS_DIR}/SKYKit/SKYKit.framework",
				"${BUILT_PRODUCTS_DIR}/SocketRocket/SocketRocket.framework",
			);
			name = "[CP] Embed Pods Frameworks";
			outputPaths = (
				"${TARGET_BUILD_DIR}/${FRAMEWORKS_FOLDER_PATH}/FMDB.framework",
				"${TARGET_BUILD_DIR}/${FRAMEWORKS_FOLDER_PATH}/PromiseKit.framework",
				"${TARGET_BUILD_DIR}/${FRAMEWORKS_FOLDER_PATH}/SKYKit.framework",
				"${TARGET_BUILD_DIR}/${FRAMEWORKS_FOLDER_PATH}/SocketRocket.framework",
			);
			runOnlyForDeploymentPostprocessing = 0;
			shellPath = /bin/sh;
			shellScript = "\"${SRCROOT}/Pods/Target Support Files/Pods-ARCMS/Pods-ARCMS-frameworks.sh\"\n";
			showEnvVarsInLog = 0;
		};
		F360C088D41BFDF72E67B1D3 /* [CP] Check Pods Manifest.lock */ = {
			isa = PBXShellScriptBuildPhase;
			buildActionMask = 2147483647;
			files = (
			);
			inputPaths = (
				"${PODS_PODFILE_DIR_PATH}/Podfile.lock",
				"${PODS_ROOT}/Manifest.lock",
			);
			name = "[CP] Check Pods Manifest.lock";
			outputPaths = (
				"$(DERIVED_FILE_DIR)/Pods-ARCMS-checkManifestLockResult.txt",
			);
			runOnlyForDeploymentPostprocessing = 0;
			shellPath = /bin/sh;
			shellScript = "diff \"${PODS_PODFILE_DIR_PATH}/Podfile.lock\" \"${PODS_ROOT}/Manifest.lock\" > /dev/null\nif [ $? != 0 ] ; then\n    # print error to STDERR\n    echo \"error: The sandbox is not in sync with the Podfile.lock. Run 'pod install' or update your CocoaPods installation.\" >&2\n    exit 1\nfi\n# This output is used by Xcode 'outputs' to avoid re-running this script phase.\necho \"SUCCESS\" > \"${SCRIPT_OUTPUT_FILE_0}\"\n";
			showEnvVarsInLog = 0;
		};
/* End PBXShellScriptBuildPhase section */

/* Begin PBXSourcesBuildPhase section */
		5EF702211F545BC600E13E50 /* Sources */ = {
			isa = PBXSourcesBuildPhase;
			buildActionMask = 2147483647;
			files = (
				5EF7022D1F545BC600E13E50 /* ViewController.swift in Sources */,
				5EF702291F545BC600E13E50 /* AppDelegate.swift in Sources */,
				5E332EA71F6281990074BFEF /* ModelsManager.swift in Sources */,
				5E1945A31F559E750069AC3B /* QRCodesTracker.swift in Sources */,
				5E995EA91F599C4B00AA92DD /* QRCode.swift in Sources */,
			);
			runOnlyForDeploymentPostprocessing = 0;
		};
/* End PBXSourcesBuildPhase section */

/* Begin PBXVariantGroup section */
		5EF7022E1F545BC600E13E50 /* Main.storyboard */ = {
			isa = PBXVariantGroup;
			children = (
				5EF7022F1F545BC600E13E50 /* Base */,
			);
			name = Main.storyboard;
			sourceTree = "<group>";
		};
		5EF702331F545BC600E13E50 /* LaunchScreen.storyboard */ = {
			isa = PBXVariantGroup;
			children = (
				5EF702341F545BC600E13E50 /* Base */,
			);
			name = LaunchScreen.storyboard;
			sourceTree = "<group>";
		};
/* End PBXVariantGroup section */

/* Begin XCBuildConfiguration section */
		5EF702371F545BC600E13E50 /* Debug */ = {
			isa = XCBuildConfiguration;
			buildSettings = {
				ALWAYS_SEARCH_USER_PATHS = NO;
				CLANG_ANALYZER_NONNULL = YES;
				CLANG_ANALYZER_NUMBER_OBJECT_CONVERSION = YES_AGGRESSIVE;
				CLANG_CXX_LANGUAGE_STANDARD = "gnu++14";
				CLANG_CXX_LIBRARY = "libc++";
				CLANG_ENABLE_MODULES = YES;
				CLANG_ENABLE_OBJC_ARC = YES;
				CLANG_WARN_BLOCK_CAPTURE_AUTORELEASING = YES;
				CLANG_WARN_BOOL_CONVERSION = YES;
				CLANG_WARN_COMMA = YES;
				CLANG_WARN_CONSTANT_CONVERSION = YES;
				CLANG_WARN_DIRECT_OBJC_ISA_USAGE = YES_ERROR;
				CLANG_WARN_DOCUMENTATION_COMMENTS = YES;
				CLANG_WARN_EMPTY_BODY = YES;
				CLANG_WARN_ENUM_CONVERSION = YES;
				CLANG_WARN_INFINITE_RECURSION = YES;
				CLANG_WARN_INT_CONVERSION = YES;
				CLANG_WARN_NON_LITERAL_NULL_CONVERSION = YES;
				CLANG_WARN_OBJC_LITERAL_CONVERSION = YES;
				CLANG_WARN_OBJC_ROOT_CLASS = YES_ERROR;
				CLANG_WARN_RANGE_LOOP_ANALYSIS = YES;
				CLANG_WARN_STRICT_PROTOTYPES = YES;
				CLANG_WARN_SUSPICIOUS_MOVE = YES;
				CLANG_WARN_UNGUARDED_AVAILABILITY = YES_AGGRESSIVE;
				CLANG_WARN_UNREACHABLE_CODE = YES;
				CLANG_WARN__DUPLICATE_METHOD_MATCH = YES;
				CODE_SIGN_IDENTITY = "iPhone Developer";
				COPY_PHASE_STRIP = NO;
				DEBUG_INFORMATION_FORMAT = dwarf;
				ENABLE_STRICT_OBJC_MSGSEND = YES;
				ENABLE_TESTABILITY = YES;
				GCC_C_LANGUAGE_STANDARD = gnu11;
				GCC_DYNAMIC_NO_PIC = NO;
				GCC_NO_COMMON_BLOCKS = YES;
				GCC_OPTIMIZATION_LEVEL = 0;
				GCC_PREPROCESSOR_DEFINITIONS = (
					"DEBUG=1",
					"$(inherited)",
				);
				GCC_WARN_64_TO_32_BIT_CONVERSION = YES;
				GCC_WARN_ABOUT_RETURN_TYPE = YES_ERROR;
				GCC_WARN_UNDECLARED_SELECTOR = YES;
				GCC_WARN_UNINITIALIZED_AUTOS = YES_AGGRESSIVE;
				GCC_WARN_UNUSED_FUNCTION = YES;
				GCC_WARN_UNUSED_VARIABLE = YES;
				IPHONEOS_DEPLOYMENT_TARGET = 11.0;
				MTL_ENABLE_DEBUG_INFO = YES;
				ONLY_ACTIVE_ARCH = YES;
				SDKROOT = iphoneos;
				SWIFT_ACTIVE_COMPILATION_CONDITIONS = DEBUG;
				SWIFT_OPTIMIZATION_LEVEL = "-Onone";
			};
			name = Debug;
		};
		5EF702381F545BC600E13E50 /* Release */ = {
			isa = XCBuildConfiguration;
			buildSettings = {
				ALWAYS_SEARCH_USER_PATHS = NO;
				CLANG_ANALYZER_NONNULL = YES;
				CLANG_ANALYZER_NUMBER_OBJECT_CONVERSION = YES_AGGRESSIVE;
				CLANG_CXX_LANGUAGE_STANDARD = "gnu++14";
				CLANG_CXX_LIBRARY = "libc++";
				CLANG_ENABLE_MODULES = YES;
				CLANG_ENABLE_OBJC_ARC = YES;
				CLANG_WARN_BLOCK_CAPTURE_AUTORELEASING = YES;
				CLANG_WARN_BOOL_CONVERSION = YES;
				CLANG_WARN_COMMA = YES;
				CLANG_WARN_CONSTANT_CONVERSION = YES;
				CLANG_WARN_DIRECT_OBJC_ISA_USAGE = YES_ERROR;
				CLANG_WARN_DOCUMENTATION_COMMENTS = YES;
				CLANG_WARN_EMPTY_BODY = YES;
				CLANG_WARN_ENUM_CONVERSION = YES;
				CLANG_WARN_INFINITE_RECURSION = YES;
				CLANG_WARN_INT_CONVERSION = YES;
				CLANG_WARN_NON_LITERAL_NULL_CONVERSION = YES;
				CLANG_WARN_OBJC_LITERAL_CONVERSION = YES;
				CLANG_WARN_OBJC_ROOT_CLASS = YES_ERROR;
				CLANG_WARN_RANGE_LOOP_ANALYSIS = YES;
				CLANG_WARN_STRICT_PROTOTYPES = YES;
				CLANG_WARN_SUSPICIOUS_MOVE = YES;
				CLANG_WARN_UNGUARDED_AVAILABILITY = YES_AGGRESSIVE;
				CLANG_WARN_UNREACHABLE_CODE = YES;
				CLANG_WARN__DUPLICATE_METHOD_MATCH = YES;
				CODE_SIGN_IDENTITY = "iPhone Developer";
				COPY_PHASE_STRIP = NO;
				DEBUG_INFORMATION_FORMAT = "dwarf-with-dsym";
				ENABLE_NS_ASSERTIONS = NO;
				ENABLE_STRICT_OBJC_MSGSEND = YES;
				GCC_C_LANGUAGE_STANDARD = gnu11;
				GCC_NO_COMMON_BLOCKS = YES;
				GCC_WARN_64_TO_32_BIT_CONVERSION = YES;
				GCC_WARN_ABOUT_RETURN_TYPE = YES_ERROR;
				GCC_WARN_UNDECLARED_SELECTOR = YES;
				GCC_WARN_UNINITIALIZED_AUTOS = YES_AGGRESSIVE;
				GCC_WARN_UNUSED_FUNCTION = YES;
				GCC_WARN_UNUSED_VARIABLE = YES;
				IPHONEOS_DEPLOYMENT_TARGET = 11.0;
				MTL_ENABLE_DEBUG_INFO = NO;
				SDKROOT = iphoneos;
				SWIFT_OPTIMIZATION_LEVEL = "-Owholemodule";
				VALIDATE_PRODUCT = YES;
			};
			name = Release;
		};
		5EF7023A1F545BC600E13E50 /* Debug */ = {
			isa = XCBuildConfiguration;
			baseConfigurationReference = 6EC038F6EF20D07E24EF4BF6 /* Pods-ARCMS.debug.xcconfig */;
			buildSettings = {
				ASSETCATALOG_COMPILER_APPICON_NAME = AppIcon;
				CODE_SIGN_STYLE = Automatic;
				DEVELOPMENT_TEAM = M7HB6C3N6X;
				INFOPLIST_FILE = ARCMS/Info.plist;
				LD_RUNPATH_SEARCH_PATHS = "$(inherited) @executable_path/Frameworks";
				PRODUCT_BUNDLE_IDENTIFIER = com.oursky.ARCMS;
				PRODUCT_NAME = "$(TARGET_NAME)";
				SWIFT_VERSION = 4.0;
				TARGETED_DEVICE_FAMILY = "1,2";
			};
			name = Debug;
		};
		5EF7023B1F545BC600E13E50 /* Release */ = {
			isa = XCBuildConfiguration;
			baseConfigurationReference = E83F98DF898AF27D396AD865 /* Pods-ARCMS.release.xcconfig */;
			buildSettings = {
				ASSETCATALOG_COMPILER_APPICON_NAME = AppIcon;
				CODE_SIGN_STYLE = Automatic;
				DEVELOPMENT_TEAM = M7HB6C3N6X;
				INFOPLIST_FILE = ARCMS/Info.plist;
				LD_RUNPATH_SEARCH_PATHS = "$(inherited) @executable_path/Frameworks";
				PRODUCT_BUNDLE_IDENTIFIER = com.oursky.ARCMS;
				PRODUCT_NAME = "$(TARGET_NAME)";
				SWIFT_VERSION = 4.0;
				TARGETED_DEVICE_FAMILY = "1,2";
			};
			name = Release;
		};
/* End XCBuildConfiguration section */

/* Begin XCConfigurationList section */
		5EF702201F545BC600E13E50 /* Build configuration list for PBXProject "ARCMS" */ = {
			isa = XCConfigurationList;
			buildConfigurations = (
				5EF702371F545BC600E13E50 /* Debug */,
				5EF702381F545BC600E13E50 /* Release */,
			);
			defaultConfigurationIsVisible = 0;
			defaultConfigurationName = Release;
		};
		5EF702391F545BC600E13E50 /* Build configuration list for PBXNativeTarget "ARCMS" */ = {
			isa = XCConfigurationList;
			buildConfigurations = (
				5EF7023A1F545BC600E13E50 /* Debug */,
				5EF7023B1F545BC600E13E50 /* Release */,
			);
			defaultConfigurationIsVisible = 0;
			defaultConfigurationName = Release;
		};
/* End XCConfigurationList section */
	};
	rootObject = 5EF7021D1F545BC600E13E50 /* Project object */;
}
