// !$*UTF8*$!
{
	archiveVersion = 1;
	classes = {
	};
	objectVersion = 48;
	objects = {

/* Begin PBXBuildFile section */
		440312BC1F14EACA0088DD05 /* Utilities.swift in Sources */ = {isa = PBXBuildFile; fileRef = 440312BB1F14EACA0088DD05 /* Utilities.swift */; };
		4468724C1F14CFB200146FC7 /* VirtualObject.swift in Sources */ = {isa = PBXBuildFile; fileRef = 4468724B1F14CFB200146FC7 /* VirtualObject.swift */; };
		4468724E1F14D06800146FC7 /* LineView.swift in Sources */ = {isa = PBXBuildFile; fileRef = 4468724D1F14D06800146FC7 /* LineView.swift */; };
		446E3F581F14C15E005EE384 /* AppDelegate.swift in Sources */ = {isa = PBXBuildFile; fileRef = 446E3F571F14C15E005EE384 /* AppDelegate.swift */; };
		446E3F5F1F14C15E005EE384 /* Assets.xcassets in Resources */ = {isa = PBXBuildFile; fileRef = 446E3F5E1F14C15E005EE384 /* Assets.xcassets */; };
		446E3F621F14C15E005EE384 /* LaunchScreen.storyboard in Resources */ = {isa = PBXBuildFile; fileRef = 446E3F601F14C15E005EE384 /* LaunchScreen.storyboard */; };
		446E3F6D1F14C15E005EE384 /* ARDemoTests.swift in Sources */ = {isa = PBXBuildFile; fileRef = 446E3F6C1F14C15E005EE384 /* ARDemoTests.swift */; };
		446E3F781F14C15E005EE384 /* ARDemoUITests.swift in Sources */ = {isa = PBXBuildFile; fileRef = 446E3F771F14C15E005EE384 /* ARDemoUITests.swift */; };
		448D20E71F15C9AA004C2101 /* Cup.swift in Sources */ = {isa = PBXBuildFile; fileRef = 448D20E61F15C9AA004C2101 /* Cup.swift */; };
		448D20E91F15C9C9004C2101 /* Jet.swift in Sources */ = {isa = PBXBuildFile; fileRef = 448D20E81F15C9C9004C2101 /* Jet.swift */; };
		497897093CDE214A9BA73127 /* Pods_ARDemoUITests.framework in Frameworks */ = {isa = PBXBuildFile; fileRef = 5D2DE9D685D21BB56024314D /* Pods_ARDemoUITests.framework */; };
		5E7EF04D5FBBE6F5D2F88F78 /* Pods_ARDemoTests.framework in Frameworks */ = {isa = PBXBuildFile; fileRef = 69B47582C80A4A6307F6544D /* Pods_ARDemoTests.framework */; };
		5F11B0BD1F18A3430008F08A /* ARViewController.swift in Sources */ = {isa = PBXBuildFile; fileRef = 5F11B0BA1F18A3430008F08A /* ARViewController.swift */; };
		5F11B0BE1F18A3430008F08A /* ARViewController+VirtualObjectManipulation.swift in Sources */ = {isa = PBXBuildFile; fileRef = 5F11B0BB1F18A3430008F08A /* ARViewController+VirtualObjectManipulation.swift */; };
		5F11B0BF1F18A3430008F08A /* VODownloader.swift in Sources */ = {isa = PBXBuildFile; fileRef = 5F11B0BC1F18A3430008F08A /* VODownloader.swift */; };
		5F11B0C11F18AAF70008F08A /* art.scnassets in Resources */ = {isa = PBXBuildFile; fileRef = 5F11B0C01F18AAF70008F08A /* art.scnassets */; };
		75FEB60D37D2BEC951C2342B /* Pods_ARDemo.framework in Frameworks */ = {isa = PBXBuildFile; fileRef = 8735E640DE6E64B38310C735 /* Pods_ARDemo.framework */; };
/* End PBXBuildFile section */

/* Begin PBXContainerItemProxy section */
		446E3F691F14C15E005EE384 /* PBXContainerItemProxy */ = {
			isa = PBXContainerItemProxy;
			containerPortal = 446E3F4C1F14C15E005EE384 /* Project object */;
			proxyType = 1;
			remoteGlobalIDString = 446E3F531F14C15E005EE384;
			remoteInfo = ARDemo;
		};
		446E3F741F14C15E005EE384 /* PBXContainerItemProxy */ = {
			isa = PBXContainerItemProxy;
			containerPortal = 446E3F4C1F14C15E005EE384 /* Project object */;
			proxyType = 1;
			remoteGlobalIDString = 446E3F531F14C15E005EE384;
			remoteInfo = ARDemo;
		};
/* End PBXContainerItemProxy section */

/* Begin PBXFileReference section */
		440312BB1F14EACA0088DD05 /* Utilities.swift */ = {isa = PBXFileReference; lastKnownFileType = sourcecode.swift; path = Utilities.swift; sourceTree = "<group>"; };
		443B927B1F174D46009BF68E /* ARViewController+VirtualObjectManipulation.swift */ = {isa = PBXFileReference; lastKnownFileType = sourcecode.swift; path = "ARViewController+VirtualObjectManipulation.swift"; sourceTree = "<group>"; };
		4468724B1F14CFB200146FC7 /* VirtualObject.swift */ = {isa = PBXFileReference; lastKnownFileType = sourcecode.swift; path = VirtualObject.swift; sourceTree = "<group>"; };
		4468724D1F14D06800146FC7 /* LineView.swift */ = {isa = PBXFileReference; lastKnownFileType = sourcecode.swift; path = LineView.swift; sourceTree = "<group>"; };
		446E3F541F14C15E005EE384 /* ARDemo.app */ = {isa = PBXFileReference; explicitFileType = wrapper.application; includeInIndex = 0; path = ARDemo.app; sourceTree = BUILT_PRODUCTS_DIR; };
		446E3F571F14C15E005EE384 /* AppDelegate.swift */ = {isa = PBXFileReference; lastKnownFileType = sourcecode.swift; path = AppDelegate.swift; sourceTree = "<group>"; };
		446E3F5E1F14C15E005EE384 /* Assets.xcassets */ = {isa = PBXFileReference; lastKnownFileType = folder.assetcatalog; path = Assets.xcassets; sourceTree = "<group>"; };
		446E3F611F14C15E005EE384 /* Base */ = {isa = PBXFileReference; lastKnownFileType = file.storyboard; name = Base; path = Base.lproj/LaunchScreen.storyboard; sourceTree = "<group>"; };
		446E3F631F14C15E005EE384 /* Info.plist */ = {isa = PBXFileReference; lastKnownFileType = text.plist.xml; path = Info.plist; sourceTree = "<group>"; };
		446E3F681F14C15E005EE384 /* ARDemoTests.xctest */ = {isa = PBXFileReference; explicitFileType = wrapper.cfbundle; includeInIndex = 0; path = ARDemoTests.xctest; sourceTree = BUILT_PRODUCTS_DIR; };
		446E3F6C1F14C15E005EE384 /* ARDemoTests.swift */ = {isa = PBXFileReference; lastKnownFileType = sourcecode.swift; path = ARDemoTests.swift; sourceTree = "<group>"; };
		446E3F6E1F14C15E005EE384 /* Info.plist */ = {isa = PBXFileReference; lastKnownFileType = text.plist.xml; path = Info.plist; sourceTree = "<group>"; };
		446E3F731F14C15E005EE384 /* ARDemoUITests.xctest */ = {isa = PBXFileReference; explicitFileType = wrapper.cfbundle; includeInIndex = 0; path = ARDemoUITests.xctest; sourceTree = BUILT_PRODUCTS_DIR; };
		446E3F771F14C15E005EE384 /* ARDemoUITests.swift */ = {isa = PBXFileReference; lastKnownFileType = sourcecode.swift; path = ARDemoUITests.swift; sourceTree = "<group>"; };
		446E3F791F14C15E005EE384 /* Info.plist */ = {isa = PBXFileReference; lastKnownFileType = text.plist.xml; path = Info.plist; sourceTree = "<group>"; };
		448D20E61F15C9AA004C2101 /* Cup.swift */ = {isa = PBXFileReference; lastKnownFileType = sourcecode.swift; path = Cup.swift; sourceTree = "<group>"; };
		448D20E81F15C9C9004C2101 /* Jet.swift */ = {isa = PBXFileReference; lastKnownFileType = sourcecode.swift; path = Jet.swift; sourceTree = "<group>"; };
		5D2DE9D685D21BB56024314D /* Pods_ARDemoUITests.framework */ = {isa = PBXFileReference; explicitFileType = wrapper.framework; includeInIndex = 0; path = Pods_ARDemoUITests.framework; sourceTree = BUILT_PRODUCTS_DIR; };
		5F11B0BA1F18A3430008F08A /* ARViewController.swift */ = {isa = PBXFileReference; fileEncoding = 4; lastKnownFileType = sourcecode.swift; path = ARViewController.swift; sourceTree = "<group>"; };
		5F11B0BB1F18A3430008F08A /* ARViewController+VirtualObjectManipulation.swift */ = {isa = PBXFileReference; fileEncoding = 4; lastKnownFileType = sourcecode.swift; path = "ARViewController+VirtualObjectManipulation.swift"; sourceTree = "<group>"; };
		5F11B0BC1F18A3430008F08A /* VODownloader.swift */ = {isa = PBXFileReference; fileEncoding = 4; lastKnownFileType = sourcecode.swift; path = VODownloader.swift; sourceTree = "<group>"; };
		5F11B0C01F18AAF70008F08A /* art.scnassets */ = {isa = PBXFileReference; lastKnownFileType = wrapper.scnassets; path = art.scnassets; sourceTree = "<group>"; };
		69B47582C80A4A6307F6544D /* Pods_ARDemoTests.framework */ = {isa = PBXFileReference; explicitFileType = wrapper.framework; includeInIndex = 0; path = Pods_ARDemoTests.framework; sourceTree = BUILT_PRODUCTS_DIR; };
		74E87FE90491E10D331FC2AF /* Pods-ARDemoTests.debug.xcconfig */ = {isa = PBXFileReference; includeInIndex = 1; lastKnownFileType = text.xcconfig; name = "Pods-ARDemoTests.debug.xcconfig"; path = "Pods/Target Support Files/Pods-ARDemoTests/Pods-ARDemoTests.debug.xcconfig"; sourceTree = "<group>"; };
		76006A8AE38C06B4962E2C84 /* Pods-ARDemoTests.release.xcconfig */ = {isa = PBXFileReference; includeInIndex = 1; lastKnownFileType = text.xcconfig; name = "Pods-ARDemoTests.release.xcconfig"; path = "Pods/Target Support Files/Pods-ARDemoTests/Pods-ARDemoTests.release.xcconfig"; sourceTree = "<group>"; };
		8735E640DE6E64B38310C735 /* Pods_ARDemo.framework */ = {isa = PBXFileReference; explicitFileType = wrapper.framework; includeInIndex = 0; path = Pods_ARDemo.framework; sourceTree = BUILT_PRODUCTS_DIR; };
		A611D6B2010727B07F397C63 /* Pods-ARDemo.release.xcconfig */ = {isa = PBXFileReference; includeInIndex = 1; lastKnownFileType = text.xcconfig; name = "Pods-ARDemo.release.xcconfig"; path = "Pods/Target Support Files/Pods-ARDemo/Pods-ARDemo.release.xcconfig"; sourceTree = "<group>"; };
		BCF6D9CCC4F1BC152AACDA94 /* Pods-ARDemoUITests.release.xcconfig */ = {isa = PBXFileReference; includeInIndex = 1; lastKnownFileType = text.xcconfig; name = "Pods-ARDemoUITests.release.xcconfig"; path = "Pods/Target Support Files/Pods-ARDemoUITests/Pods-ARDemoUITests.release.xcconfig"; sourceTree = "<group>"; };
		C213BBC7CE33F7E73242F0F0 /* Pods-ARDemoUITests.debug.xcconfig */ = {isa = PBXFileReference; includeInIndex = 1; lastKnownFileType = text.xcconfig; name = "Pods-ARDemoUITests.debug.xcconfig"; path = "Pods/Target Support Files/Pods-ARDemoUITests/Pods-ARDemoUITests.debug.xcconfig"; sourceTree = "<group>"; };
		F9B1922ACC6A927F49AE4119 /* Pods-ARDemo.debug.xcconfig */ = {isa = PBXFileReference; includeInIndex = 1; lastKnownFileType = text.xcconfig; name = "Pods-ARDemo.debug.xcconfig"; path = "Pods/Target Support Files/Pods-ARDemo/Pods-ARDemo.debug.xcconfig"; sourceTree = "<group>"; };
/* End PBXFileReference section */

/* Begin PBXFrameworksBuildPhase section */
		446E3F511F14C15E005EE384 /* Frameworks */ = {
			isa = PBXFrameworksBuildPhase;
			buildActionMask = 2147483647;
			files = (
				75FEB60D37D2BEC951C2342B /* Pods_ARDemo.framework in Frameworks */,
			);
			runOnlyForDeploymentPostprocessing = 0;
		};
		446E3F651F14C15E005EE384 /* Frameworks */ = {
			isa = PBXFrameworksBuildPhase;
			buildActionMask = 2147483647;
			files = (
				5E7EF04D5FBBE6F5D2F88F78 /* Pods_ARDemoTests.framework in Frameworks */,
			);
			runOnlyForDeploymentPostprocessing = 0;
		};
		446E3F701F14C15E005EE384 /* Frameworks */ = {
			isa = PBXFrameworksBuildPhase;
			buildActionMask = 2147483647;
			files = (
				497897093CDE214A9BA73127 /* Pods_ARDemoUITests.framework in Frameworks */,
			);
			runOnlyForDeploymentPostprocessing = 0;
		};
/* End PBXFrameworksBuildPhase section */

/* Begin PBXGroup section */
		1A02350991EA22329C02820F /* Frameworks */ = {
			isa = PBXGroup;
			children = (
				8735E640DE6E64B38310C735 /* Pods_ARDemo.framework */,
				69B47582C80A4A6307F6544D /* Pods_ARDemoTests.framework */,
				5D2DE9D685D21BB56024314D /* Pods_ARDemoUITests.framework */,
			);
			name = Frameworks;
			sourceTree = "<group>";
		};
		1BE264EAD57E6377AC012CFB /* Pods */ = {
			isa = PBXGroup;
			children = (
				F9B1922ACC6A927F49AE4119 /* Pods-ARDemo.debug.xcconfig */,
				A611D6B2010727B07F397C63 /* Pods-ARDemo.release.xcconfig */,
				74E87FE90491E10D331FC2AF /* Pods-ARDemoTests.debug.xcconfig */,
				76006A8AE38C06B4962E2C84 /* Pods-ARDemoTests.release.xcconfig */,
				C213BBC7CE33F7E73242F0F0 /* Pods-ARDemoUITests.debug.xcconfig */,
				BCF6D9CCC4F1BC152AACDA94 /* Pods-ARDemoUITests.release.xcconfig */,
			);
			name = Pods;
			sourceTree = "<group>";
		};
		443BE2F81F18B24700E3F224 /* Recovered References */ = {
			isa = PBXGroup;
			children = (
				443B927B1F174D46009BF68E /* ARViewController+VirtualObjectManipulation.swift */,
			);
			name = "Recovered References";
			sourceTree = "<group>";
		};
		446872441F14CC0600146FC7 /* Virtual Object */ = {
			isa = PBXGroup;
			children = (
				4468724B1F14CFB200146FC7 /* VirtualObject.swift */,
				448D20E61F15C9AA004C2101 /* Cup.swift */,
				448D20E81F15C9C9004C2101 /* Jet.swift */,
			);
			path = "Virtual Object";
			sourceTree = "<group>";
		};
		446E3F4B1F14C15E005EE384 = {
			isa = PBXGroup;
			children = (
				440312BB1F14EACA0088DD05 /* Utilities.swift */,
				446E3F561F14C15E005EE384 /* ARDemo */,
				446E3F6B1F14C15E005EE384 /* ARDemoTests */,
				446E3F761F14C15E005EE384 /* ARDemoUITests */,
				446E3F551F14C15E005EE384 /* Products */,
				1BE264EAD57E6377AC012CFB /* Pods */,
				1A02350991EA22329C02820F /* Frameworks */,
				443BE2F81F18B24700E3F224 /* Recovered References */,
			);
			sourceTree = "<group>";
		};
		446E3F551F14C15E005EE384 /* Products */ = {
			isa = PBXGroup;
			children = (
				446E3F541F14C15E005EE384 /* ARDemo.app */,
				446E3F681F14C15E005EE384 /* ARDemoTests.xctest */,
				446E3F731F14C15E005EE384 /* ARDemoUITests.xctest */,
			);
			name = Products;
			sourceTree = "<group>";
		};
		446E3F561F14C15E005EE384 /* ARDemo */ = {
			isa = PBXGroup;
			children = (
				5F11B0BA1F18A3430008F08A /* ARViewController.swift */,
				5F11B0BB1F18A3430008F08A /* ARViewController+VirtualObjectManipulation.swift */,
				5F11B0BC1F18A3430008F08A /* VODownloader.swift */,
				5F11B0C01F18AAF70008F08A /* art.scnassets */,
				446872441F14CC0600146FC7 /* Virtual Object */,
				446E3F571F14C15E005EE384 /* AppDelegate.swift */,
				4468724D1F14D06800146FC7 /* LineView.swift */,
				446E3F5E1F14C15E005EE384 /* Assets.xcassets */,
				446E3F601F14C15E005EE384 /* LaunchScreen.storyboard */,
				446E3F631F14C15E005EE384 /* Info.plist */,
			);
			path = ARDemo;
			sourceTree = "<group>";
		};
		446E3F6B1F14C15E005EE384 /* ARDemoTests */ = {
			isa = PBXGroup;
			children = (
				446E3F6C1F14C15E005EE384 /* ARDemoTests.swift */,
				446E3F6E1F14C15E005EE384 /* Info.plist */,
			);
			path = ARDemoTests;
			sourceTree = "<group>";
		};
		446E3F761F14C15E005EE384 /* ARDemoUITests */ = {
			isa = PBXGroup;
			children = (
				446E3F771F14C15E005EE384 /* ARDemoUITests.swift */,
				446E3F791F14C15E005EE384 /* Info.plist */,
			);
			path = ARDemoUITests;
			sourceTree = "<group>";
		};
/* End PBXGroup section */

/* Begin PBXNativeTarget section */
		446E3F531F14C15E005EE384 /* ARDemo */ = {
			isa = PBXNativeTarget;
			buildConfigurationList = 446E3F7C1F14C15E005EE384 /* Build configuration list for PBXNativeTarget "ARDemo" */;
			buildPhases = (
				D1BFC9DF5F4546E08765CADD /* [CP] Check Pods Manifest.lock */,
				446E3F501F14C15E005EE384 /* Sources */,
				446E3F511F14C15E005EE384 /* Frameworks */,
				446E3F521F14C15E005EE384 /* Resources */,
				449B22081F15F58000938264 /* Run Lint */,
				AAEC9FDA4F62C45773A9797D /* [CP] Embed Pods Frameworks */,
				78288A88E62F51BB7148D5B7 /* [CP] Copy Pods Resources */,
			);
			buildRules = (
			);
			dependencies = (
			);
			name = ARDemo;
			productName = ARDemo;
			productReference = 446E3F541F14C15E005EE384 /* ARDemo.app */;
			productType = "com.apple.product-type.application";
		};
		446E3F671F14C15E005EE384 /* ARDemoTests */ = {
			isa = PBXNativeTarget;
			buildConfigurationList = 446E3F7F1F14C15E005EE384 /* Build configuration list for PBXNativeTarget "ARDemoTests" */;
			buildPhases = (
				4C2DA6776F13E2002908D404 /* [CP] Check Pods Manifest.lock */,
				446E3F641F14C15E005EE384 /* Sources */,
				446E3F651F14C15E005EE384 /* Frameworks */,
				446E3F661F14C15E005EE384 /* Resources */,
				3F41D39418D5ED287E10FFCE /* [CP] Embed Pods Frameworks */,
				15B313C5B661EC8A904C2928 /* [CP] Copy Pods Resources */,
			);
			buildRules = (
			);
			dependencies = (
				446E3F6A1F14C15E005EE384 /* PBXTargetDependency */,
			);
			name = ARDemoTests;
			productName = ARDemoTests;
			productReference = 446E3F681F14C15E005EE384 /* ARDemoTests.xctest */;
			productType = "com.apple.product-type.bundle.unit-test";
		};
		446E3F721F14C15E005EE384 /* ARDemoUITests */ = {
			isa = PBXNativeTarget;
			buildConfigurationList = 446E3F821F14C15E005EE384 /* Build configuration list for PBXNativeTarget "ARDemoUITests" */;
			buildPhases = (
				A15506316F8228A4DD97A715 /* [CP] Check Pods Manifest.lock */,
				446E3F6F1F14C15E005EE384 /* Sources */,
				446E3F701F14C15E005EE384 /* Frameworks */,
				446E3F711F14C15E005EE384 /* Resources */,
				7A0772F76B3A5AADAFE2027F /* [CP] Embed Pods Frameworks */,
				4AEBD747ACEB6A1FB55E1F17 /* [CP] Copy Pods Resources */,
			);
			buildRules = (
			);
			dependencies = (
				446E3F751F14C15E005EE384 /* PBXTargetDependency */,
			);
			name = ARDemoUITests;
			productName = ARDemoUITests;
			productReference = 446E3F731F14C15E005EE384 /* ARDemoUITests.xctest */;
			productType = "com.apple.product-type.bundle.ui-testing";
		};
/* End PBXNativeTarget section */

/* Begin PBXProject section */
		446E3F4C1F14C15E005EE384 /* Project object */ = {
			isa = PBXProject;
			attributes = {
				LastSwiftUpdateCheck = 0900;
				LastUpgradeCheck = 0900;
				ORGANIZATIONNAME = "Anson Leung";
				TargetAttributes = {
					446E3F531F14C15E005EE384 = {
						CreatedOnToolsVersion = 9.0;
						ProvisioningStyle = Manual;
					};
					446E3F671F14C15E005EE384 = {
						CreatedOnToolsVersion = 9.0;
						TestTargetID = 446E3F531F14C15E005EE384;
					};
					446E3F721F14C15E005EE384 = {
						CreatedOnToolsVersion = 9.0;
						TestTargetID = 446E3F531F14C15E005EE384;
					};
				};
			};
			buildConfigurationList = 446E3F4F1F14C15E005EE384 /* Build configuration list for PBXProject "ARDemo" */;
			compatibilityVersion = "Xcode 8.0";
			developmentRegion = en;
			hasScannedForEncodings = 0;
			knownRegions = (
				en,
				Base,
			);
			mainGroup = 446E3F4B1F14C15E005EE384;
			productRefGroup = 446E3F551F14C15E005EE384 /* Products */;
			projectDirPath = "";
			projectRoot = "";
			targets = (
				446E3F531F14C15E005EE384 /* ARDemo */,
				446E3F671F14C15E005EE384 /* ARDemoTests */,
				446E3F721F14C15E005EE384 /* ARDemoUITests */,
			);
		};
/* End PBXProject section */

/* Begin PBXResourcesBuildPhase section */
		446E3F521F14C15E005EE384 /* Resources */ = {
			isa = PBXResourcesBuildPhase;
			buildActionMask = 2147483647;
			files = (
				446E3F621F14C15E005EE384 /* LaunchScreen.storyboard in Resources */,
				5F11B0C11F18AAF70008F08A /* art.scnassets in Resources */,
				446E3F5F1F14C15E005EE384 /* Assets.xcassets in Resources */,
			);
			runOnlyForDeploymentPostprocessing = 0;
		};
		446E3F661F14C15E005EE384 /* Resources */ = {
			isa = PBXResourcesBuildPhase;
			buildActionMask = 2147483647;
			files = (
			);
			runOnlyForDeploymentPostprocessing = 0;
		};
		446E3F711F14C15E005EE384 /* Resources */ = {
			isa = PBXResourcesBuildPhase;
			buildActionMask = 2147483647;
			files = (
			);
			runOnlyForDeploymentPostprocessing = 0;
		};
/* End PBXResourcesBuildPhase section */

/* Begin PBXShellScriptBuildPhase section */
		15B313C5B661EC8A904C2928 /* [CP] Copy Pods Resources */ = {
			isa = PBXShellScriptBuildPhase;
			buildActionMask = 2147483647;
			files = (
			);
			inputPaths = (
			);
			name = "[CP] Copy Pods Resources";
			outputPaths = (
			);
			runOnlyForDeploymentPostprocessing = 0;
			shellPath = /bin/sh;
			shellScript = "\"${SRCROOT}/Pods/Target Support Files/Pods-ARDemoTests/Pods-ARDemoTests-resources.sh\"\n";
			showEnvVarsInLog = 0;
		};
		3F41D39418D5ED287E10FFCE /* [CP] Embed Pods Frameworks */ = {
			isa = PBXShellScriptBuildPhase;
			buildActionMask = 2147483647;
			files = (
			);
			inputPaths = (
			);
			name = "[CP] Embed Pods Frameworks";
			outputPaths = (
			);
			runOnlyForDeploymentPostprocessing = 0;
			shellPath = /bin/sh;
			shellScript = "\"${SRCROOT}/Pods/Target Support Files/Pods-ARDemoTests/Pods-ARDemoTests-frameworks.sh\"\n";
			showEnvVarsInLog = 0;
		};
		449B22081F15F58000938264 /* Run Lint */ = {
			isa = PBXShellScriptBuildPhase;
			buildActionMask = 2147483647;
			files = (
			);
			inputPaths = (
			);
			name = "Run Lint";
			outputPaths = (
			);
			runOnlyForDeploymentPostprocessing = 0;
			shellPath = /bin/sh;
			shellScript = "if which swiftlint >/dev/null; then\n    swiftlint autocorrect && swiftlint\nelse\n    echo \"warning: SwiftLint not installed, download from https://github.com/realm/SwiftLint\"\nfi";
		};
		4AEBD747ACEB6A1FB55E1F17 /* [CP] Copy Pods Resources */ = {
			isa = PBXShellScriptBuildPhase;
			buildActionMask = 2147483647;
			files = (
			);
			inputPaths = (
			);
			name = "[CP] Copy Pods Resources";
			outputPaths = (
			);
			runOnlyForDeploymentPostprocessing = 0;
			shellPath = /bin/sh;
			shellScript = "\"${SRCROOT}/Pods/Target Support Files/Pods-ARDemoUITests/Pods-ARDemoUITests-resources.sh\"\n";
			showEnvVarsInLog = 0;
		};
		4C2DA6776F13E2002908D404 /* [CP] Check Pods Manifest.lock */ = {
			isa = PBXShellScriptBuildPhase;
			buildActionMask = 2147483647;
			files = (
			);
			inputPaths = (
				"${PODS_PODFILE_DIR_PATH}/Podfile.lock",
				"${PODS_ROOT}/Manifest.lock",
			);
			name = "[CP] Check Pods Manifest.lock";
			outputPaths = (
				"$(DERIVED_FILE_DIR)/Pods-ARDemoTests-checkManifestLockResult.txt",
			);
			runOnlyForDeploymentPostprocessing = 0;
			shellPath = /bin/sh;
			shellScript = "diff \"${PODS_PODFILE_DIR_PATH}/Podfile.lock\" \"${PODS_ROOT}/Manifest.lock\" > /dev/null\nif [ $? != 0 ] ; then\n    # print error to STDERR\n    echo \"error: The sandbox is not in sync with the Podfile.lock. Run 'pod install' or update your CocoaPods installation.\" >&2\n    exit 1\nfi\n# This output is used by Xcode 'outputs' to avoid re-running this script phase.\necho \"SUCCESS\" > \"${SCRIPT_OUTPUT_FILE_0}\"\n";
			showEnvVarsInLog = 0;
		};
		78288A88E62F51BB7148D5B7 /* [CP] Copy Pods Resources */ = {
			isa = PBXShellScriptBuildPhase;
			buildActionMask = 2147483647;
			files = (
			);
			inputPaths = (
			);
			name = "[CP] Copy Pods Resources";
			outputPaths = (
			);
			runOnlyForDeploymentPostprocessing = 0;
			shellPath = /bin/sh;
			shellScript = "\"${SRCROOT}/Pods/Target Support Files/Pods-ARDemo/Pods-ARDemo-resources.sh\"\n";
			showEnvVarsInLog = 0;
		};
		7A0772F76B3A5AADAFE2027F /* [CP] Embed Pods Frameworks */ = {
			isa = PBXShellScriptBuildPhase;
			buildActionMask = 2147483647;
			files = (
			);
			inputPaths = (
			);
			name = "[CP] Embed Pods Frameworks";
			outputPaths = (
			);
			runOnlyForDeploymentPostprocessing = 0;
			shellPath = /bin/sh;
			shellScript = "\"${SRCROOT}/Pods/Target Support Files/Pods-ARDemoUITests/Pods-ARDemoUITests-frameworks.sh\"\n";
			showEnvVarsInLog = 0;
		};
		A15506316F8228A4DD97A715 /* [CP] Check Pods Manifest.lock */ = {
			isa = PBXShellScriptBuildPhase;
			buildActionMask = 2147483647;
			files = (
			);
			inputPaths = (
				"${PODS_PODFILE_DIR_PATH}/Podfile.lock",
				"${PODS_ROOT}/Manifest.lock",
			);
			name = "[CP] Check Pods Manifest.lock";
			outputPaths = (
				"$(DERIVED_FILE_DIR)/Pods-ARDemoUITests-checkManifestLockResult.txt",
			);
			runOnlyForDeploymentPostprocessing = 0;
			shellPath = /bin/sh;
			shellScript = "diff \"${PODS_PODFILE_DIR_PATH}/Podfile.lock\" \"${PODS_ROOT}/Manifest.lock\" > /dev/null\nif [ $? != 0 ] ; then\n    # print error to STDERR\n    echo \"error: The sandbox is not in sync with the Podfile.lock. Run 'pod install' or update your CocoaPods installation.\" >&2\n    exit 1\nfi\n# This output is used by Xcode 'outputs' to avoid re-running this script phase.\necho \"SUCCESS\" > \"${SCRIPT_OUTPUT_FILE_0}\"\n";
			showEnvVarsInLog = 0;
		};
		AAEC9FDA4F62C45773A9797D /* [CP] Embed Pods Frameworks */ = {
			isa = PBXShellScriptBuildPhase;
			buildActionMask = 2147483647;
			files = (
			);
			inputPaths = (
				"${SRCROOT}/Pods/Target Support Files/Pods-ARDemo/Pods-ARDemo-frameworks.sh",
				"${BUILT_PRODUCTS_DIR}/Alamofire/Alamofire.framework",
				"${BUILT_PRODUCTS_DIR}/FMDB/FMDB.framework",
				"${BUILT_PRODUCTS_DIR}/PKHUD/PKHUD.framework",
				"${BUILT_PRODUCTS_DIR}/SKYKit/SKYKit.framework",
				"${BUILT_PRODUCTS_DIR}/SocketRocket/SocketRocket.framework",
				"${BUILT_PRODUCTS_DIR}/ZIPFoundation/ZIPFoundation.framework",
			);
			name = "[CP] Embed Pods Frameworks";
			outputPaths = (
				"${TARGET_BUILD_DIR}/${FRAMEWORKS_FOLDER_PATH}/Alamofire.framework",
				"${TARGET_BUILD_DIR}/${FRAMEWORKS_FOLDER_PATH}/FMDB.framework",
				"${TARGET_BUILD_DIR}/${FRAMEWORKS_FOLDER_PATH}/PKHUD.framework",
				"${TARGET_BUILD_DIR}/${FRAMEWORKS_FOLDER_PATH}/SKYKit.framework",
				"${TARGET_BUILD_DIR}/${FRAMEWORKS_FOLDER_PATH}/SocketRocket.framework",
				"${TARGET_BUILD_DIR}/${FRAMEWORKS_FOLDER_PATH}/ZIPFoundation.framework",
			);
			runOnlyForDeploymentPostprocessing = 0;
			shellPath = /bin/sh;
			shellScript = "\"${SRCROOT}/Pods/Target Support Files/Pods-ARDemo/Pods-ARDemo-frameworks.sh\"\n";
			showEnvVarsInLog = 0;
		};
		D1BFC9DF5F4546E08765CADD /* [CP] Check Pods Manifest.lock */ = {
			isa = PBXShellScriptBuildPhase;
			buildActionMask = 2147483647;
			files = (
			);
			inputPaths = (
				"${PODS_PODFILE_DIR_PATH}/Podfile.lock",
				"${PODS_ROOT}/Manifest.lock",
			);
			name = "[CP] Check Pods Manifest.lock";
			outputPaths = (
				"$(DERIVED_FILE_DIR)/Pods-ARDemo-checkManifestLockResult.txt",
			);
			runOnlyForDeploymentPostprocessing = 0;
			shellPath = /bin/sh;
			shellScript = "diff \"${PODS_PODFILE_DIR_PATH}/Podfile.lock\" \"${PODS_ROOT}/Manifest.lock\" > /dev/null\nif [ $? != 0 ] ; then\n    # print error to STDERR\n    echo \"error: The sandbox is not in sync with the Podfile.lock. Run 'pod install' or update your CocoaPods installation.\" >&2\n    exit 1\nfi\n# This output is used by Xcode 'outputs' to avoid re-running this script phase.\necho \"SUCCESS\" > \"${SCRIPT_OUTPUT_FILE_0}\"\n";
			showEnvVarsInLog = 0;
		};
/* End PBXShellScriptBuildPhase section */

/* Begin PBXSourcesBuildPhase section */
		446E3F501F14C15E005EE384 /* Sources */ = {
			isa = PBXSourcesBuildPhase;
			buildActionMask = 2147483647;
			files = (
				5F11B0BF1F18A3430008F08A /* VODownloader.swift in Sources */,
				5F11B0BD1F18A3430008F08A /* ARViewController.swift in Sources */,
				4468724E1F14D06800146FC7 /* LineView.swift in Sources */,
				446E3F581F14C15E005EE384 /* AppDelegate.swift in Sources */,
				440312BC1F14EACA0088DD05 /* Utilities.swift in Sources */,
				448D20E71F15C9AA004C2101 /* Cup.swift in Sources */,
				4468724C1F14CFB200146FC7 /* VirtualObject.swift in Sources */,
				448D20E91F15C9C9004C2101 /* Jet.swift in Sources */,
				5F11B0BE1F18A3430008F08A /* ARViewController+VirtualObjectManipulation.swift in Sources */,
			);
			runOnlyForDeploymentPostprocessing = 0;
		};
		446E3F641F14C15E005EE384 /* Sources */ = {
			isa = PBXSourcesBuildPhase;
			buildActionMask = 2147483647;
			files = (
				446E3F6D1F14C15E005EE384 /* ARDemoTests.swift in Sources */,
			);
			runOnlyForDeploymentPostprocessing = 0;
		};
		446E3F6F1F14C15E005EE384 /* Sources */ = {
			isa = PBXSourcesBuildPhase;
			buildActionMask = 2147483647;
			files = (
				446E3F781F14C15E005EE384 /* ARDemoUITests.swift in Sources */,
			);
			runOnlyForDeploymentPostprocessing = 0;
		};
/* End PBXSourcesBuildPhase section */

/* Begin PBXTargetDependency section */
		446E3F6A1F14C15E005EE384 /* PBXTargetDependency */ = {
			isa = PBXTargetDependency;
			target = 446E3F531F14C15E005EE384 /* ARDemo */;
			targetProxy = 446E3F691F14C15E005EE384 /* PBXContainerItemProxy */;
		};
		446E3F751F14C15E005EE384 /* PBXTargetDependency */ = {
			isa = PBXTargetDependency;
			target = 446E3F531F14C15E005EE384 /* ARDemo */;
			targetProxy = 446E3F741F14C15E005EE384 /* PBXContainerItemProxy */;
		};
/* End PBXTargetDependency section */

/* Begin PBXVariantGroup section */
		446E3F601F14C15E005EE384 /* LaunchScreen.storyboard */ = {
			isa = PBXVariantGroup;
			children = (
				446E3F611F14C15E005EE384 /* Base */,
			);
			name = LaunchScreen.storyboard;
			sourceTree = "<group>";
		};
/* End PBXVariantGroup section */

/* Begin XCBuildConfiguration section */
		446E3F7A1F14C15E005EE384 /* Debug */ = {
			isa = XCBuildConfiguration;
			buildSettings = {
				ALWAYS_SEARCH_USER_PATHS = NO;
				CLANG_ANALYZER_NONNULL = YES;
				CLANG_ANALYZER_NUMBER_OBJECT_CONVERSION = YES_AGGRESSIVE;
				CLANG_CXX_LANGUAGE_STANDARD = "gnu++14";
				CLANG_CXX_LIBRARY = "libc++";
				CLANG_ENABLE_MODULES = YES;
				CLANG_ENABLE_OBJC_ARC = YES;
				CLANG_WARN_BLOCK_CAPTURE_AUTORELEASING = YES;
				CLANG_WARN_BOOL_CONVERSION = YES;
				CLANG_WARN_COMMA = YES;
				CLANG_WARN_CONSTANT_CONVERSION = YES;
				CLANG_WARN_DIRECT_OBJC_ISA_USAGE = YES_ERROR;
				CLANG_WARN_DOCUMENTATION_COMMENTS = YES;
				CLANG_WARN_EMPTY_BODY = YES;
				CLANG_WARN_ENUM_CONVERSION = YES;
				CLANG_WARN_INFINITE_RECURSION = YES;
				CLANG_WARN_INT_CONVERSION = YES;
				CLANG_WARN_OBJC_ROOT_CLASS = YES_ERROR;
				CLANG_WARN_RANGE_LOOP_ANALYSIS = YES;
				CLANG_WARN_STRICT_PROTOTYPES = YES;
				CLANG_WARN_SUSPICIOUS_MOVE = YES;
				CLANG_WARN_UNGUARDED_AVAILABILITY = YES_AGGRESSIVE;
				CLANG_WARN_UNREACHABLE_CODE = YES;
				CLANG_WARN__DUPLICATE_METHOD_MATCH = YES;
				CODE_SIGN_IDENTITY = "iPhone Developer";
				COPY_PHASE_STRIP = NO;
				DEBUG_INFORMATION_FORMAT = dwarf;
				ENABLE_STRICT_OBJC_MSGSEND = YES;
				ENABLE_TESTABILITY = YES;
				GCC_C_LANGUAGE_STANDARD = gnu11;
				GCC_DYNAMIC_NO_PIC = NO;
				GCC_NO_COMMON_BLOCKS = YES;
				GCC_OPTIMIZATION_LEVEL = 0;
				GCC_PREPROCESSOR_DEFINITIONS = (
					"DEBUG=1",
					"$(inherited)",
				);
				GCC_WARN_64_TO_32_BIT_CONVERSION = YES;
				GCC_WARN_ABOUT_RETURN_TYPE = YES_ERROR;
				GCC_WARN_UNDECLARED_SELECTOR = YES;
				GCC_WARN_UNINITIALIZED_AUTOS = YES_AGGRESSIVE;
				GCC_WARN_UNUSED_FUNCTION = YES;
				GCC_WARN_UNUSED_VARIABLE = YES;
				IPHONEOS_DEPLOYMENT_TARGET = 11.0;
				MTL_ENABLE_DEBUG_INFO = YES;
				ONLY_ACTIVE_ARCH = YES;
				SDKROOT = iphoneos;
				SWIFT_ACTIVE_COMPILATION_CONDITIONS = DEBUG;
				SWIFT_OPTIMIZATION_LEVEL = "-Onone";
			};
			name = Debug;
		};
		446E3F7B1F14C15E005EE384 /* Release */ = {
			isa = XCBuildConfiguration;
			buildSettings = {
				ALWAYS_SEARCH_USER_PATHS = NO;
				CLANG_ANALYZER_NONNULL = YES;
				CLANG_ANALYZER_NUMBER_OBJECT_CONVERSION = YES_AGGRESSIVE;
				CLANG_CXX_LANGUAGE_STANDARD = "gnu++14";
				CLANG_CXX_LIBRARY = "libc++";
				CLANG_ENABLE_MODULES = YES;
				CLANG_ENABLE_OBJC_ARC = YES;
				CLANG_WARN_BLOCK_CAPTURE_AUTORELEASING = YES;
				CLANG_WARN_BOOL_CONVERSION = YES;
				CLANG_WARN_COMMA = YES;
				CLANG_WARN_CONSTANT_CONVERSION = YES;
				CLANG_WARN_DIRECT_OBJC_ISA_USAGE = YES_ERROR;
				CLANG_WARN_DOCUMENTATION_COMMENTS = YES;
				CLANG_WARN_EMPTY_BODY = YES;
				CLANG_WARN_ENUM_CONVERSION = YES;
				CLANG_WARN_INFINITE_RECURSION = YES;
				CLANG_WARN_INT_CONVERSION = YES;
				CLANG_WARN_OBJC_ROOT_CLASS = YES_ERROR;
				CLANG_WARN_RANGE_LOOP_ANALYSIS = YES;
				CLANG_WARN_STRICT_PROTOTYPES = YES;
				CLANG_WARN_SUSPICIOUS_MOVE = YES;
				CLANG_WARN_UNGUARDED_AVAILABILITY = YES_AGGRESSIVE;
				CLANG_WARN_UNREACHABLE_CODE = YES;
				CLANG_WARN__DUPLICATE_METHOD_MATCH = YES;
				CODE_SIGN_IDENTITY = "iPhone Developer";
				COPY_PHASE_STRIP = NO;
				DEBUG_INFORMATION_FORMAT = "dwarf-with-dsym";
				ENABLE_NS_ASSERTIONS = NO;
				ENABLE_STRICT_OBJC_MSGSEND = YES;
				GCC_C_LANGUAGE_STANDARD = gnu11;
				GCC_NO_COMMON_BLOCKS = YES;
				GCC_WARN_64_TO_32_BIT_CONVERSION = YES;
				GCC_WARN_ABOUT_RETURN_TYPE = YES_ERROR;
				GCC_WARN_UNDECLARED_SELECTOR = YES;
				GCC_WARN_UNINITIALIZED_AUTOS = YES_AGGRESSIVE;
				GCC_WARN_UNUSED_FUNCTION = YES;
				GCC_WARN_UNUSED_VARIABLE = YES;
				IPHONEOS_DEPLOYMENT_TARGET = 11.0;
				MTL_ENABLE_DEBUG_INFO = NO;
				SDKROOT = iphoneos;
				SWIFT_OPTIMIZATION_LEVEL = "-Owholemodule";
				VALIDATE_PRODUCT = YES;
			};
			name = Release;
		};
		446E3F7D1F14C15E005EE384 /* Debug */ = {
			isa = XCBuildConfiguration;
			baseConfigurationReference = F9B1922ACC6A927F49AE4119 /* Pods-ARDemo.debug.xcconfig */;
			buildSettings = {
				ASSETCATALOG_COMPILER_APPICON_NAME = AppIcon;
				"CODE_SIGN_IDENTITY[sdk=iphoneos*]" = "iPhone Developer";
				CODE_SIGN_STYLE = Manual;
				DEVELOPMENT_TEAM = E2F6KNYMR6;
				INFOPLIST_FILE = ARDemo/Info.plist;
				IPHONEOS_DEPLOYMENT_TARGET = 11.0;
				LD_RUNPATH_SEARCH_PATHS = "$(inherited) @executable_path/Frameworks";
				PRODUCT_BUNDLE_IDENTIFIER = com.oursky.ARDemo;
				PRODUCT_NAME = "$(TARGET_NAME)";
				PROVISIONING_PROFILE = "b5aaf40c-f19b-4842-88f2-f68b7900e26c";
				PROVISIONING_PROFILE_SPECIFIER = "ARDemo (Dev)";
				SWIFT_VERSION = 4.0;
				TARGETED_DEVICE_FAMILY = "1,2";
			};
			name = Debug;
		};
		446E3F7E1F14C15E005EE384 /* Release */ = {
			isa = XCBuildConfiguration;
			baseConfigurationReference = A611D6B2010727B07F397C63 /* Pods-ARDemo.release.xcconfig */;
			buildSettings = {
				ASSETCATALOG_COMPILER_APPICON_NAME = AppIcon;
				"CODE_SIGN_IDENTITY[sdk=iphoneos*]" = "iPhone Distribution";
				CODE_SIGN_STYLE = Manual;
				DEVELOPMENT_TEAM = E2F6KNYMR6;
				INFOPLIST_FILE = ARDemo/Info.plist;
				IPHONEOS_DEPLOYMENT_TARGET = 11.0;
				LD_RUNPATH_SEARCH_PATHS = "$(inherited) @executable_path/Frameworks";
				PRODUCT_BUNDLE_IDENTIFIER = com.oursky.ARDemo;
				PRODUCT_NAME = "$(TARGET_NAME)";
				PROVISIONING_PROFILE = "258de5dd-f365-4854-bb1c-16d694dd7a74";
				PROVISIONING_PROFILE_SPECIFIER = ARDemo;
				SWIFT_VERSION = 4.0;
				TARGETED_DEVICE_FAMILY = "1,2";
			};
			name = Release;
		};
		446E3F801F14C15E005EE384 /* Debug */ = {
			isa = XCBuildConfiguration;
			baseConfigurationReference = 74E87FE90491E10D331FC2AF /* Pods-ARDemoTests.debug.xcconfig */;
			buildSettings = {
				ALWAYS_EMBED_SWIFT_STANDARD_LIBRARIES = YES;
				BUNDLE_LOADER = "$(TEST_HOST)";
				DEVELOPMENT_TEAM = M7HB6C3N6X;
				INFOPLIST_FILE = ARDemoTests/Info.plist;
				LD_RUNPATH_SEARCH_PATHS = "$(inherited) @executable_path/Frameworks @loader_path/Frameworks";
				PRODUCT_BUNDLE_IDENTIFIER = ansonleung.ARDemoTests;
				PRODUCT_NAME = "$(TARGET_NAME)";
				SWIFT_VERSION = 4.0;
				TARGETED_DEVICE_FAMILY = "1,2";
				TEST_HOST = "$(BUILT_PRODUCTS_DIR)/ARDemo.app/ARDemo";
			};
			name = Debug;
		};
		446E3F811F14C15E005EE384 /* Release */ = {
			isa = XCBuildConfiguration;
			baseConfigurationReference = 76006A8AE38C06B4962E2C84 /* Pods-ARDemoTests.release.xcconfig */;
			buildSettings = {
				ALWAYS_EMBED_SWIFT_STANDARD_LIBRARIES = YES;
				BUNDLE_LOADER = "$(TEST_HOST)";
				DEVELOPMENT_TEAM = M7HB6C3N6X;
				INFOPLIST_FILE = ARDemoTests/Info.plist;
				LD_RUNPATH_SEARCH_PATHS = "$(inherited) @executable_path/Frameworks @loader_path/Frameworks";
				PRODUCT_BUNDLE_IDENTIFIER = ansonleung.ARDemoTests;
				PRODUCT_NAME = "$(TARGET_NAME)";
				SWIFT_VERSION = 4.0;
				TARGETED_DEVICE_FAMILY = "1,2";
				TEST_HOST = "$(BUILT_PRODUCTS_DIR)/ARDemo.app/ARDemo";
			};
			name = Release;
		};
		446E3F831F14C15E005EE384 /* Debug */ = {
			isa = XCBuildConfiguration;
			baseConfigurationReference = C213BBC7CE33F7E73242F0F0 /* Pods-ARDemoUITests.debug.xcconfig */;
			buildSettings = {
				ALWAYS_EMBED_SWIFT_STANDARD_LIBRARIES = YES;
				DEVELOPMENT_TEAM = M7HB6C3N6X;
				INFOPLIST_FILE = ARDemoUITests/Info.plist;
				LD_RUNPATH_SEARCH_PATHS = "$(inherited) @executable_path/Frameworks @loader_path/Frameworks";
				PRODUCT_BUNDLE_IDENTIFIER = ansonleung.ARDemoUITests;
				PRODUCT_NAME = "$(TARGET_NAME)";
				SWIFT_VERSION = 4.0;
				TARGETED_DEVICE_FAMILY = "1,2";
				TEST_TARGET_NAME = ARDemo;
			};
			name = Debug;
		};
		446E3F841F14C15E005EE384 /* Release */ = {
			isa = XCBuildConfiguration;
			baseConfigurationReference = BCF6D9CCC4F1BC152AACDA94 /* Pods-ARDemoUITests.release.xcconfig */;
			buildSettings = {
				ALWAYS_EMBED_SWIFT_STANDARD_LIBRARIES = YES;
				DEVELOPMENT_TEAM = M7HB6C3N6X;
				INFOPLIST_FILE = ARDemoUITests/Info.plist;
				LD_RUNPATH_SEARCH_PATHS = "$(inherited) @executable_path/Frameworks @loader_path/Frameworks";
				PRODUCT_BUNDLE_IDENTIFIER = ansonleung.ARDemoUITests;
				PRODUCT_NAME = "$(TARGET_NAME)";
				SWIFT_VERSION = 4.0;
				TARGETED_DEVICE_FAMILY = "1,2";
				TEST_TARGET_NAME = ARDemo;
			};
			name = Release;
		};
/* End XCBuildConfiguration section */

/* Begin XCConfigurationList section */
		446E3F4F1F14C15E005EE384 /* Build configuration list for PBXProject "ARDemo" */ = {
			isa = XCConfigurationList;
			buildConfigurations = (
				446E3F7A1F14C15E005EE384 /* Debug */,
				446E3F7B1F14C15E005EE384 /* Release */,
			);
			defaultConfigurationIsVisible = 0;
			defaultConfigurationName = Debug;
		};
		446E3F7C1F14C15E005EE384 /* Build configuration list for PBXNativeTarget "ARDemo" */ = {
			isa = XCConfigurationList;
			buildConfigurations = (
				446E3F7D1F14C15E005EE384 /* Debug */,
				446E3F7E1F14C15E005EE384 /* Release */,
			);
			defaultConfigurationIsVisible = 0;
			defaultConfigurationName = Debug;
		};
		446E3F7F1F14C15E005EE384 /* Build configuration list for PBXNativeTarget "ARDemoTests" */ = {
			isa = XCConfigurationList;
			buildConfigurations = (
				446E3F801F14C15E005EE384 /* Debug */,
				446E3F811F14C15E005EE384 /* Release */,
			);
			defaultConfigurationIsVisible = 0;
			defaultConfigurationName = Debug;
		};
		446E3F821F14C15E005EE384 /* Build configuration list for PBXNativeTarget "ARDemoUITests" */ = {
			isa = XCConfigurationList;
			buildConfigurations = (
				446E3F831F14C15E005EE384 /* Debug */,
				446E3F841F14C15E005EE384 /* Release */,
			);
			defaultConfigurationIsVisible = 0;
			defaultConfigurationName = Debug;
		};
/* End XCConfigurationList section */
	};
	rootObject = 446E3F4C1F14C15E005EE384 /* Project object */;
}
